// !$*UTF8*$!
{
	archiveVersion = 1;
	classes = {
	};
	objectVersion = 46;
	objects = {

/* Begin PBXBuildFile section */
		0A236EC24610CB6FB7C1D449 /* Pods_ChatAppUsingFireBase.framework in Frameworks */ = {isa = PBXBuildFile; fileRef = EC616E3E725CE57ADF52E630 /* Pods_ChatAppUsingFireBase.framework */; };
		8418C78C1FF1E86B00B76F6A /* Message.swift in Sources */ = {isa = PBXBuildFile; fileRef = 8418C78B1FF1E86B00B76F6A /* Message.swift */; };
		8418C78E1FF1EE6D00B76F6A /* MessageTableViewCell.swift in Sources */ = {isa = PBXBuildFile; fileRef = 8418C78D1FF1EE6D00B76F6A /* MessageTableViewCell.swift */; };
		84D4CD891FE7F10900940CEF /* AppDelegate.swift in Sources */ = {isa = PBXBuildFile; fileRef = 84D4CD881FE7F10900940CEF /* AppDelegate.swift */; };
		84D4CD8B1FE7F10900940CEF /* ViewController.swift in Sources */ = {isa = PBXBuildFile; fileRef = 84D4CD8A1FE7F10900940CEF /* ViewController.swift */; };
		84D4CD8E1FE7F10A00940CEF /* Main.storyboard in Resources */ = {isa = PBXBuildFile; fileRef = 84D4CD8C1FE7F10A00940CEF /* Main.storyboard */; };
		84D4CD911FE7F10A00940CEF /* ChatAppUsingFireBase.xcdatamodeld in Sources */ = {isa = PBXBuildFile; fileRef = 84D4CD8F1FE7F10A00940CEF /* ChatAppUsingFireBase.xcdatamodeld */; };
		84D4CD931FE7F10B00940CEF /* Assets.xcassets in Resources */ = {isa = PBXBuildFile; fileRef = 84D4CD921FE7F10B00940CEF /* Assets.xcassets */; };
		84D4CD961FE7F10B00940CEF /* LaunchScreen.storyboard in Resources */ = {isa = PBXBuildFile; fileRef = 84D4CD941FE7F10B00940CEF /* LaunchScreen.storyboard */; };
		84D4CDA11FE7F10F00940CEF /* ChatAppUsingFireBaseTests.swift in Sources */ = {isa = PBXBuildFile; fileRef = 84D4CDA01FE7F10F00940CEF /* ChatAppUsingFireBaseTests.swift */; };
		84D4CDAC1FE7F10F00940CEF /* ChatAppUsingFireBaseUITests.swift in Sources */ = {isa = PBXBuildFile; fileRef = 84D4CDAB1FE7F10F00940CEF /* ChatAppUsingFireBaseUITests.swift */; };
		84D4CDBA1FE7FAFC00940CEF /* GoogleService-Info.plist in Resources */ = {isa = PBXBuildFile; fileRef = 84D4CDB91FE7FAFC00940CEF /* GoogleService-Info.plist */; };
		90AC4CFFC14BBE8944D0861A /* Pods_ChatAppUsingFireBaseTests.framework in Frameworks */ = {isa = PBXBuildFile; fileRef = 198BAB0D9E41AAC08DADB3B9 /* Pods_ChatAppUsingFireBaseTests.framework */; };
		E4225E7CF11B72E12E12B644 /* Pods_ChatAppUsingFireBaseUITests.framework in Frameworks */ = {isa = PBXBuildFile; fileRef = 9AC9DC3210C41DB03CF36898 /* Pods_ChatAppUsingFireBaseUITests.framework */; };
/* End PBXBuildFile section */

/* Begin PBXContainerItemProxy section */
		84D4CD9D1FE7F10E00940CEF /* PBXContainerItemProxy */ = {
			isa = PBXContainerItemProxy;
			containerPortal = 84D4CD7D1FE7F10800940CEF /* Project object */;
			proxyType = 1;
			remoteGlobalIDString = 84D4CD841FE7F10900940CEF;
			remoteInfo = ChatAppUsingFireBase;
		};
		84D4CDA81FE7F10F00940CEF /* PBXContainerItemProxy */ = {
			isa = PBXContainerItemProxy;
			containerPortal = 84D4CD7D1FE7F10800940CEF /* Project object */;
			proxyType = 1;
			remoteGlobalIDString = 84D4CD841FE7F10900940CEF;
			remoteInfo = ChatAppUsingFireBase;
		};
/* End PBXContainerItemProxy section */

/* Begin PBXFileReference section */
		198BAB0D9E41AAC08DADB3B9 /* Pods_ChatAppUsingFireBaseTests.framework */ = {isa = PBXFileReference; explicitFileType = wrapper.framework; includeInIndex = 0; path = Pods_ChatAppUsingFireBaseTests.framework; sourceTree = BUILT_PRODUCTS_DIR; };
		4547106DC10110CCDEEB8097 /* Pods-ChatAppUsingFireBaseUITests.release.xcconfig */ = {isa = PBXFileReference; includeInIndex = 1; lastKnownFileType = text.xcconfig; name = "Pods-ChatAppUsingFireBaseUITests.release.xcconfig"; path = "Pods/Target Support Files/Pods-ChatAppUsingFireBaseUITests/Pods-ChatAppUsingFireBaseUITests.release.xcconfig"; sourceTree = "<group>"; };
		8418C78B1FF1E86B00B76F6A /* Message.swift */ = {isa = PBXFileReference; fileEncoding = 4; lastKnownFileType = sourcecode.swift; path = Message.swift; sourceTree = "<group>"; };
		8418C78D1FF1EE6D00B76F6A /* MessageTableViewCell.swift */ = {isa = PBXFileReference; fileEncoding = 4; lastKnownFileType = sourcecode.swift; path = MessageTableViewCell.swift; sourceTree = "<group>"; };
		84D4CD851FE7F10900940CEF /* ChatAppUsingFireBase.app */ = {isa = PBXFileReference; explicitFileType = wrapper.application; includeInIndex = 0; path = ChatAppUsingFireBase.app; sourceTree = BUILT_PRODUCTS_DIR; };
		84D4CD881FE7F10900940CEF /* AppDelegate.swift */ = {isa = PBXFileReference; lastKnownFileType = sourcecode.swift; path = AppDelegate.swift; sourceTree = "<group>"; };
		84D4CD8A1FE7F10900940CEF /* ViewController.swift */ = {isa = PBXFileReference; lastKnownFileType = sourcecode.swift; path = ViewController.swift; sourceTree = "<group>"; };
		84D4CD8D1FE7F10A00940CEF /* Base */ = {isa = PBXFileReference; lastKnownFileType = file.storyboard; name = Base; path = Base.lproj/Main.storyboard; sourceTree = "<group>"; };
		84D4CD901FE7F10A00940CEF /* ChatAppUsingFireBase.xcdatamodel */ = {isa = PBXFileReference; lastKnownFileType = wrapper.xcdatamodel; path = ChatAppUsingFireBase.xcdatamodel; sourceTree = "<group>"; };
		84D4CD921FE7F10B00940CEF /* Assets.xcassets */ = {isa = PBXFileReference; lastKnownFileType = folder.assetcatalog; path = Assets.xcassets; sourceTree = "<group>"; };
		84D4CD951FE7F10B00940CEF /* Base */ = {isa = PBXFileReference; lastKnownFileType = file.storyboard; name = Base; path = Base.lproj/LaunchScreen.storyboard; sourceTree = "<group>"; };
		84D4CD971FE7F10B00940CEF /* Info.plist */ = {isa = PBXFileReference; lastKnownFileType = text.plist.xml; path = Info.plist; sourceTree = "<group>"; };
		84D4CD9C1FE7F10E00940CEF /* ChatAppUsingFireBaseTests.xctest */ = {isa = PBXFileReference; explicitFileType = wrapper.cfbundle; includeInIndex = 0; path = ChatAppUsingFireBaseTests.xctest; sourceTree = BUILT_PRODUCTS_DIR; };
		84D4CDA01FE7F10F00940CEF /* ChatAppUsingFireBaseTests.swift */ = {isa = PBXFileReference; lastKnownFileType = sourcecode.swift; path = ChatAppUsingFireBaseTests.swift; sourceTree = "<group>"; };
		84D4CDA21FE7F10F00940CEF /* Info.plist */ = {isa = PBXFileReference; lastKnownFileType = text.plist.xml; path = Info.plist; sourceTree = "<group>"; };
		84D4CDA71FE7F10F00940CEF /* ChatAppUsingFireBaseUITests.xctest */ = {isa = PBXFileReference; explicitFileType = wrapper.cfbundle; includeInIndex = 0; path = ChatAppUsingFireBaseUITests.xctest; sourceTree = BUILT_PRODUCTS_DIR; };
		84D4CDAB1FE7F10F00940CEF /* ChatAppUsingFireBaseUITests.swift */ = {isa = PBXFileReference; lastKnownFileType = sourcecode.swift; path = ChatAppUsingFireBaseUITests.swift; sourceTree = "<group>"; };
		84D4CDAD1FE7F10F00940CEF /* Info.plist */ = {isa = PBXFileReference; lastKnownFileType = text.plist.xml; path = Info.plist; sourceTree = "<group>"; };
		84D4CDB91FE7FAFC00940CEF /* GoogleService-Info.plist */ = {isa = PBXFileReference; fileEncoding = 4; lastKnownFileType = text.plist.xml; path = "GoogleService-Info.plist"; sourceTree = "<group>"; };
		9AC9DC3210C41DB03CF36898 /* Pods_ChatAppUsingFireBaseUITests.framework */ = {isa = PBXFileReference; explicitFileType = wrapper.framework; includeInIndex = 0; path = Pods_ChatAppUsingFireBaseUITests.framework; sourceTree = BUILT_PRODUCTS_DIR; };
		CFBE6F0ADE15BD6FD683ADF6 /* Pods-ChatAppUsingFireBase.release.xcconfig */ = {isa = PBXFileReference; includeInIndex = 1; lastKnownFileType = text.xcconfig; name = "Pods-ChatAppUsingFireBase.release.xcconfig"; path = "Pods/Target Support Files/Pods-ChatAppUsingFireBase/Pods-ChatAppUsingFireBase.release.xcconfig"; sourceTree = "<group>"; };
		DDACEFAE09E4708E4F0D3186 /* Pods-ChatAppUsingFireBaseTests.release.xcconfig */ = {isa = PBXFileReference; includeInIndex = 1; lastKnownFileType = text.xcconfig; name = "Pods-ChatAppUsingFireBaseTests.release.xcconfig"; path = "Pods/Target Support Files/Pods-ChatAppUsingFireBaseTests/Pods-ChatAppUsingFireBaseTests.release.xcconfig"; sourceTree = "<group>"; };
		E138263F261C19F52C774DD1 /* Pods-ChatAppUsingFireBaseTests.debug.xcconfig */ = {isa = PBXFileReference; includeInIndex = 1; lastKnownFileType = text.xcconfig; name = "Pods-ChatAppUsingFireBaseTests.debug.xcconfig"; path = "Pods/Target Support Files/Pods-ChatAppUsingFireBaseTests/Pods-ChatAppUsingFireBaseTests.debug.xcconfig"; sourceTree = "<group>"; };
		EC616E3E725CE57ADF52E630 /* Pods_ChatAppUsingFireBase.framework */ = {isa = PBXFileReference; explicitFileType = wrapper.framework; includeInIndex = 0; path = Pods_ChatAppUsingFireBase.framework; sourceTree = BUILT_PRODUCTS_DIR; };
		F8A24EC6CA3E989AD9CED8D7 /* Pods-ChatAppUsingFireBaseUITests.debug.xcconfig */ = {isa = PBXFileReference; includeInIndex = 1; lastKnownFileType = text.xcconfig; name = "Pods-ChatAppUsingFireBaseUITests.debug.xcconfig"; path = "Pods/Target Support Files/Pods-ChatAppUsingFireBaseUITests/Pods-ChatAppUsingFireBaseUITests.debug.xcconfig"; sourceTree = "<group>"; };
		FC8643F7C6CD8857E6179EA7 /* Pods-ChatAppUsingFireBase.debug.xcconfig */ = {isa = PBXFileReference; includeInIndex = 1; lastKnownFileType = text.xcconfig; name = "Pods-ChatAppUsingFireBase.debug.xcconfig"; path = "Pods/Target Support Files/Pods-ChatAppUsingFireBase/Pods-ChatAppUsingFireBase.debug.xcconfig"; sourceTree = "<group>"; };
/* End PBXFileReference section */

/* Begin PBXFrameworksBuildPhase section */
		84D4CD821FE7F10900940CEF /* Frameworks */ = {
			isa = PBXFrameworksBuildPhase;
			buildActionMask = 2147483647;
			files = (
				0A236EC24610CB6FB7C1D449 /* Pods_ChatAppUsingFireBase.framework in Frameworks */,
			);
			runOnlyForDeploymentPostprocessing = 0;
		};
		84D4CD991FE7F10E00940CEF /* Frameworks */ = {
			isa = PBXFrameworksBuildPhase;
			buildActionMask = 2147483647;
			files = (
				90AC4CFFC14BBE8944D0861A /* Pods_ChatAppUsingFireBaseTests.framework in Frameworks */,
			);
			runOnlyForDeploymentPostprocessing = 0;
		};
		84D4CDA41FE7F10F00940CEF /* Frameworks */ = {
			isa = PBXFrameworksBuildPhase;
			buildActionMask = 2147483647;
			files = (
				E4225E7CF11B72E12E12B644 /* Pods_ChatAppUsingFireBaseUITests.framework in Frameworks */,
			);
			runOnlyForDeploymentPostprocessing = 0;
		};
/* End PBXFrameworksBuildPhase section */

/* Begin PBXGroup section */
		4338689DFADA8AC967C47A12 /* Pods */ = {
			isa = PBXGroup;
			children = (
				FC8643F7C6CD8857E6179EA7 /* Pods-ChatAppUsingFireBase.debug.xcconfig */,
				CFBE6F0ADE15BD6FD683ADF6 /* Pods-ChatAppUsingFireBase.release.xcconfig */,
				E138263F261C19F52C774DD1 /* Pods-ChatAppUsingFireBaseTests.debug.xcconfig */,
				DDACEFAE09E4708E4F0D3186 /* Pods-ChatAppUsingFireBaseTests.release.xcconfig */,
				F8A24EC6CA3E989AD9CED8D7 /* Pods-ChatAppUsingFireBaseUITests.debug.xcconfig */,
				4547106DC10110CCDEEB8097 /* Pods-ChatAppUsingFireBaseUITests.release.xcconfig */,
			);
			name = Pods;
			sourceTree = "<group>";
		};
		84D4CD7C1FE7F10800940CEF = {
			isa = PBXGroup;
			children = (
				84D4CD871FE7F10900940CEF /* ChatAppUsingFireBase */,
				84D4CD9F1FE7F10E00940CEF /* ChatAppUsingFireBaseTests */,
				84D4CDAA1FE7F10F00940CEF /* ChatAppUsingFireBaseUITests */,
				84D4CD861FE7F10900940CEF /* Products */,
				4338689DFADA8AC967C47A12 /* Pods */,
				DE63A46A48379C0198D854C2 /* Frameworks */,
			);
			sourceTree = "<group>";
		};
		84D4CD861FE7F10900940CEF /* Products */ = {
			isa = PBXGroup;
			children = (
				84D4CD851FE7F10900940CEF /* ChatAppUsingFireBase.app */,
				84D4CD9C1FE7F10E00940CEF /* ChatAppUsingFireBaseTests.xctest */,
				84D4CDA71FE7F10F00940CEF /* ChatAppUsingFireBaseUITests.xctest */,
			);
			name = Products;
			sourceTree = "<group>";
		};
		84D4CD871FE7F10900940CEF /* ChatAppUsingFireBase */ = {
			isa = PBXGroup;
			children = (
				84D4CD881FE7F10900940CEF /* AppDelegate.swift */,
				84D4CD8A1FE7F10900940CEF /* ViewController.swift */,
				84D4CD8C1FE7F10A00940CEF /* Main.storyboard */,
				84D4CD921FE7F10B00940CEF /* Assets.xcassets */,
				84D4CD941FE7F10B00940CEF /* LaunchScreen.storyboard */,
				84D4CD971FE7F10B00940CEF /* Info.plist */,
				84D4CDB91FE7FAFC00940CEF /* GoogleService-Info.plist */,
				84D4CD8F1FE7F10A00940CEF /* ChatAppUsingFireBase.xcdatamodeld */,
				8418C78B1FF1E86B00B76F6A /* Message.swift */,
				8418C78D1FF1EE6D00B76F6A /* MessageTableViewCell.swift */,
			);
			path = ChatAppUsingFireBase;
			sourceTree = "<group>";
		};
		84D4CD9F1FE7F10E00940CEF /* ChatAppUsingFireBaseTests */ = {
			isa = PBXGroup;
			children = (
				84D4CDA01FE7F10F00940CEF /* ChatAppUsingFireBaseTests.swift */,
				84D4CDA21FE7F10F00940CEF /* Info.plist */,
			);
			path = ChatAppUsingFireBaseTests;
			sourceTree = "<group>";
		};
		84D4CDAA1FE7F10F00940CEF /* ChatAppUsingFireBaseUITests */ = {
			isa = PBXGroup;
			children = (
				84D4CDAB1FE7F10F00940CEF /* ChatAppUsingFireBaseUITests.swift */,
				84D4CDAD1FE7F10F00940CEF /* Info.plist */,
			);
			path = ChatAppUsingFireBaseUITests;
			sourceTree = "<group>";
		};
		DE63A46A48379C0198D854C2 /* Frameworks */ = {
			isa = PBXGroup;
			children = (
				EC616E3E725CE57ADF52E630 /* Pods_ChatAppUsingFireBase.framework */,
				198BAB0D9E41AAC08DADB3B9 /* Pods_ChatAppUsingFireBaseTests.framework */,
				9AC9DC3210C41DB03CF36898 /* Pods_ChatAppUsingFireBaseUITests.framework */,
			);
			name = Frameworks;
			sourceTree = "<group>";
		};
/* End PBXGroup section */

/* Begin PBXNativeTarget section */
		84D4CD841FE7F10900940CEF /* ChatAppUsingFireBase */ = {
			isa = PBXNativeTarget;
			buildConfigurationList = 84D4CDB01FE7F10F00940CEF /* Build configuration list for PBXNativeTarget "ChatAppUsingFireBase" */;
			buildPhases = (
				F251A9F53C3B9C67D12F9959 /* [CP] Check Pods Manifest.lock */,
				84D4CD811FE7F10900940CEF /* Sources */,
				84D4CD821FE7F10900940CEF /* Frameworks */,
				84D4CD831FE7F10900940CEF /* Resources */,
				09D08C014229352BD9882463 /* [CP] Embed Pods Frameworks */,
				5D2785236111ABC8B166A425 /* [CP] Copy Pods Resources */,
			);
			buildRules = (
			);
			dependencies = (
			);
			name = ChatAppUsingFireBase;
			productName = ChatAppUsingFireBase;
			productReference = 84D4CD851FE7F10900940CEF /* ChatAppUsingFireBase.app */;
			productType = "com.apple.product-type.application";
		};
		84D4CD9B1FE7F10E00940CEF /* ChatAppUsingFireBaseTests */ = {
			isa = PBXNativeTarget;
			buildConfigurationList = 84D4CDB31FE7F10F00940CEF /* Build configuration list for PBXNativeTarget "ChatAppUsingFireBaseTests" */;
			buildPhases = (
				874BD93B2488969B08FF70B7 /* [CP] Check Pods Manifest.lock */,
				84D4CD981FE7F10E00940CEF /* Sources */,
				84D4CD991FE7F10E00940CEF /* Frameworks */,
				84D4CD9A1FE7F10E00940CEF /* Resources */,
				6D2CF8E498163A5F6CE405CF /* [CP] Embed Pods Frameworks */,
				A816F9FE7A36FE41138F457F /* [CP] Copy Pods Resources */,
			);
			buildRules = (
			);
			dependencies = (
				84D4CD9E1FE7F10E00940CEF /* PBXTargetDependency */,
			);
			name = ChatAppUsingFireBaseTests;
			productName = ChatAppUsingFireBaseTests;
			productReference = 84D4CD9C1FE7F10E00940CEF /* ChatAppUsingFireBaseTests.xctest */;
			productType = "com.apple.product-type.bundle.unit-test";
		};
		84D4CDA61FE7F10F00940CEF /* ChatAppUsingFireBaseUITests */ = {
			isa = PBXNativeTarget;
			buildConfigurationList = 84D4CDB61FE7F10F00940CEF /* Build configuration list for PBXNativeTarget "ChatAppUsingFireBaseUITests" */;
			buildPhases = (
				0B43BEFE540245AF3C41E7B6 /* [CP] Check Pods Manifest.lock */,
				84D4CDA31FE7F10F00940CEF /* Sources */,
				84D4CDA41FE7F10F00940CEF /* Frameworks */,
				84D4CDA51FE7F10F00940CEF /* Resources */,
				B29E6AD114187E94F6EE7BF7 /* [CP] Embed Pods Frameworks */,
				B1457EADE05D05DE754C4DCF /* [CP] Copy Pods Resources */,
			);
			buildRules = (
			);
			dependencies = (
				84D4CDA91FE7F10F00940CEF /* PBXTargetDependency */,
			);
			name = ChatAppUsingFireBaseUITests;
			productName = ChatAppUsingFireBaseUITests;
			productReference = 84D4CDA71FE7F10F00940CEF /* ChatAppUsingFireBaseUITests.xctest */;
			productType = "com.apple.product-type.bundle.ui-testing";
		};
/* End PBXNativeTarget section */

/* Begin PBXProject section */
		84D4CD7D1FE7F10800940CEF /* Project object */ = {
			isa = PBXProject;
			attributes = {
				LastSwiftUpdateCheck = 0830;
				LastUpgradeCheck = 0830;
				ORGANIZATIONNAME = ITI;
				TargetAttributes = {
					84D4CD841FE7F10900940CEF = {
						CreatedOnToolsVersion = 8.3.2;
						ProvisioningStyle = Automatic;
					};
					84D4CD9B1FE7F10E00940CEF = {
						CreatedOnToolsVersion = 8.3.2;
						ProvisioningStyle = Automatic;
						TestTargetID = 84D4CD841FE7F10900940CEF;
					};
					84D4CDA61FE7F10F00940CEF = {
						CreatedOnToolsVersion = 8.3.2;
						ProvisioningStyle = Automatic;
						TestTargetID = 84D4CD841FE7F10900940CEF;
					};
				};
			};
			buildConfigurationList = 84D4CD801FE7F10800940CEF /* Build configuration list for PBXProject "ChatAppUsingFireBase" */;
			compatibilityVersion = "Xcode 3.2";
			developmentRegion = English;
			hasScannedForEncodings = 0;
			knownRegions = (
				en,
				Base,
			);
			mainGroup = 84D4CD7C1FE7F10800940CEF;
			productRefGroup = 84D4CD861FE7F10900940CEF /* Products */;
			projectDirPath = "";
			projectRoot = "";
			targets = (
				84D4CD841FE7F10900940CEF /* ChatAppUsingFireBase */,
				84D4CD9B1FE7F10E00940CEF /* ChatAppUsingFireBaseTests */,
				84D4CDA61FE7F10F00940CEF /* ChatAppUsingFireBaseUITests */,
			);
		};
/* End PBXProject section */

/* Begin PBXResourcesBuildPhase section */
		84D4CD831FE7F10900940CEF /* Resources */ = {
			isa = PBXResourcesBuildPhase;
			buildActionMask = 2147483647;
			files = (
				84D4CD961FE7F10B00940CEF /* LaunchScreen.storyboard in Resources */,
				84D4CDBA1FE7FAFC00940CEF /* GoogleService-Info.plist in Resources */,
				84D4CD931FE7F10B00940CEF /* Assets.xcassets in Resources */,
				84D4CD8E1FE7F10A00940CEF /* Main.storyboard in Resources */,
			);
			runOnlyForDeploymentPostprocessing = 0;
		};
		84D4CD9A1FE7F10E00940CEF /* Resources */ = {
			isa = PBXResourcesBuildPhase;
			buildActionMask = 2147483647;
			files = (
			);
			runOnlyForDeploymentPostprocessing = 0;
		};
		84D4CDA51FE7F10F00940CEF /* Resources */ = {
			isa = PBXResourcesBuildPhase;
			buildActionMask = 2147483647;
			files = (
			);
			runOnlyForDeploymentPostprocessing = 0;
		};
/* End PBXResourcesBuildPhase section */

/* Begin PBXShellScriptBuildPhase section */
		09D08C014229352BD9882463 /* [CP] Embed Pods Frameworks */ = {
			isa = PBXShellScriptBuildPhase;
			buildActionMask = 2147483647;
			files = (
			);
			inputPaths = (
			);
			name = "[CP] Embed Pods Frameworks";
			outputPaths = (
			);
			runOnlyForDeploymentPostprocessing = 0;
			shellPath = /bin/sh;
			shellScript = "\"${SRCROOT}/Pods/Target Support Files/Pods-ChatAppUsingFireBase/Pods-ChatAppUsingFireBase-frameworks.sh\"\n";
			showEnvVarsInLog = 0;
		};
		0B43BEFE540245AF3C41E7B6 /* [CP] Check Pods Manifest.lock */ = {
			isa = PBXShellScriptBuildPhase;
			buildActionMask = 2147483647;
			files = (
			);
			inputPaths = (
			);
			name = "[CP] Check Pods Manifest.lock";
			outputPaths = (
			);
			runOnlyForDeploymentPostprocessing = 0;
			shellPath = /bin/sh;
			shellScript = "diff \"${PODS_PODFILE_DIR_PATH}/Podfile.lock\" \"${PODS_ROOT}/Manifest.lock\" > /dev/null\nif [ $? != 0 ] ; then\n    # print error to STDERR\n    echo \"error: The sandbox is not in sync with the Podfile.lock. Run 'pod install' or update your CocoaPods installation.\" >&2\n    exit 1\nfi\n";
			showEnvVarsInLog = 0;
		};
		5D2785236111ABC8B166A425 /* [CP] Copy Pods Resources */ = {
			isa = PBXShellScriptBuildPhase;
			buildActionMask = 2147483647;
			files = (
			);
			inputPaths = (
			);
			name = "[CP] Copy Pods Resources";
			outputPaths = (
			);
			runOnlyForDeploymentPostprocessing = 0;
			shellPath = /bin/sh;
			shellScript = "\"${SRCROOT}/Pods/Target Support Files/Pods-ChatAppUsingFireBase/Pods-ChatAppUsingFireBase-resources.sh\"\n";
			showEnvVarsInLog = 0;
		};
		6D2CF8E498163A5F6CE405CF /* [CP] Embed Pods Frameworks */ = {
			isa = PBXShellScriptBuildPhase;
			buildActionMask = 2147483647;
			files = (
			);
			inputPaths = (
			);
			name = "[CP] Embed Pods Frameworks";
			outputPaths = (
			);
			runOnlyForDeploymentPostprocessing = 0;
			shellPath = /bin/sh;
			shellScript = "\"${SRCROOT}/Pods/Target Support Files/Pods-ChatAppUsingFireBaseTests/Pods-ChatAppUsingFireBaseTests-frameworks.sh\"\n";
			showEnvVarsInLog = 0;
		};
		874BD93B2488969B08FF70B7 /* [CP] Check Pods Manifest.lock */ = {
			isa = PBXShellScriptBuildPhase;
			buildActionMask = 2147483647;
			files = (
			);
			inputPaths = (
			);
			name = "[CP] Check Pods Manifest.lock";
			outputPaths = (
			);
			runOnlyForDeploymentPostprocessing = 0;
			shellPath = /bin/sh;
			shellScript = "diff \"${PODS_PODFILE_DIR_PATH}/Podfile.lock\" \"${PODS_ROOT}/Manifest.lock\" > /dev/null\nif [ $? != 0 ] ; then\n    # print error to STDERR\n    echo \"error: The sandbox is not in sync with the Podfile.lock. Run 'pod install' or update your CocoaPods installation.\" >&2\n    exit 1\nfi\n";
			showEnvVarsInLog = 0;
		};
		A816F9FE7A36FE41138F457F /* [CP] Copy Pods Resources */ = {
			isa = PBXShellScriptBuildPhase;
			buildActionMask = 2147483647;
			files = (
			);
			inputPaths = (
			);
			name = "[CP] Copy Pods Resources";
			outputPaths = (
			);
			runOnlyForDeploymentPostprocessing = 0;
			shellPath = /bin/sh;
			shellScript = "\"${SRCROOT}/Pods/Target Support Files/Pods-ChatAppUsingFireBaseTests/Pods-ChatAppUsingFireBaseTests-resources.sh\"\n";
			showEnvVarsInLog = 0;
		};
		B1457EADE05D05DE754C4DCF /* [CP] Copy Pods Resources */ = {
			isa = PBXShellScriptBuildPhase;
			buildActionMask = 2147483647;
			files = (
			);
			inputPaths = (
			);
			name = "[CP] Copy Pods Resources";
			outputPaths = (
			);
			runOnlyForDeploymentPostprocessing = 0;
			shellPath = /bin/sh;
			shellScript = "\"${SRCROOT}/Pods/Target Support Files/Pods-ChatAppUsingFireBaseUITests/Pods-ChatAppUsingFireBaseUITests-resources.sh\"\n";
			showEnvVarsInLog = 0;
		};
		B29E6AD114187E94F6EE7BF7 /* [CP] Embed Pods Frameworks */ = {
			isa = PBXShellScriptBuildPhase;
			buildActionMask = 2147483647;
			files = (
			);
			inputPaths = (
			);
			name = "[CP] Embed Pods Frameworks";
			outputPaths = (
			);
			runOnlyForDeploymentPostprocessing = 0;
			shellPath = /bin/sh;
			shellScript = "\"${SRCROOT}/Pods/Target Support Files/Pods-ChatAppUsingFireBaseUITests/Pods-ChatAppUsingFireBaseUITests-frameworks.sh\"\n";
			showEnvVarsInLog = 0;
		};
		F251A9F53C3B9C67D12F9959 /* [CP] Check Pods Manifest.lock */ = {
			isa = PBXShellScriptBuildPhase;
			buildActionMask = 2147483647;
			files = (
			);
			inputPaths = (
			);
			name = "[CP] Check Pods Manifest.lock";
			outputPaths = (
			);
			runOnlyForDeploymentPostprocessing = 0;
			shellPath = /bin/sh;
			shellScript = "diff \"${PODS_PODFILE_DIR_PATH}/Podfile.lock\" \"${PODS_ROOT}/Manifest.lock\" > /dev/null\nif [ $? != 0 ] ; then\n    # print error to STDERR\n    echo \"error: The sandbox is not in sync with the Podfile.lock. Run 'pod install' or update your CocoaPods installation.\" >&2\n    exit 1\nfi\n";
			showEnvVarsInLog = 0;
		};
/* End PBXShellScriptBuildPhase section */

/* Begin PBXSourcesBuildPhase section */
		84D4CD811FE7F10900940CEF /* Sources */ = {
			isa = PBXSourcesBuildPhase;
			buildActionMask = 2147483647;
			files = (
				84D4CD911FE7F10A00940CEF /* ChatAppUsingFireBase.xcdatamodeld in Sources */,
				8418C78C1FF1E86B00B76F6A /* Message.swift in Sources */,
				84D4CD8B1FE7F10900940CEF /* ViewController.swift in Sources */,
				8418C78E1FF1EE6D00B76F6A /* MessageTableViewCell.swift in Sources */,
				84D4CD891FE7F10900940CEF /* AppDelegate.swift in Sources */,
			);
			runOnlyForDeploymentPostprocessing = 0;
		};
		84D4CD981FE7F10E00940CEF /* Sources */ = {
			isa = PBXSourcesBuildPhase;
			buildActionMask = 2147483647;
			files = (
				84D4CDA11FE7F10F00940CEF /* ChatAppUsingFireBaseTests.swift in Sources */,
			);
			runOnlyForDeploymentPostprocessing = 0;
		};
		84D4CDA31FE7F10F00940CEF /* Sources */ = {
			isa = PBXSourcesBuildPhase;
			buildActionMask = 2147483647;
			files = (
				84D4CDAC1FE7F10F00940CEF /* ChatAppUsingFireBaseUITests.swift in Sources */,
			);
			runOnlyForDeploymentPostprocessing = 0;
		};
/* End PBXSourcesBuildPhase section */

/* Begin PBXTargetDependency section */
		84D4CD9E1FE7F10E00940CEF /* PBXTargetDependency */ = {
			isa = PBXTargetDependency;
			target = 84D4CD841FE7F10900940CEF /* ChatAppUsingFireBase */;
			targetProxy = 84D4CD9D1FE7F10E00940CEF /* PBXContainerItemProxy */;
		};
		84D4CDA91FE7F10F00940CEF /* PBXTargetDependency */ = {
			isa = PBXTargetDependency;
			target = 84D4CD841FE7F10900940CEF /* ChatAppUsingFireBase */;
			targetProxy = 84D4CDA81FE7F10F00940CEF /* PBXContainerItemProxy */;
		};
/* End PBXTargetDependency section */

/* Begin PBXVariantGroup section */
		84D4CD8C1FE7F10A00940CEF /* Main.storyboard */ = {
			isa = PBXVariantGroup;
			children = (
				84D4CD8D1FE7F10A00940CEF /* Base */,
			);
			name = Main.storyboard;
			sourceTree = "<group>";
		};
		84D4CD941FE7F10B00940CEF /* LaunchScreen.storyboard */ = {
			isa = PBXVariantGroup;
			children = (
				84D4CD951FE7F10B00940CEF /* Base */,
			);
			name = LaunchScreen.storyboard;
			sourceTree = "<group>";
		};
/* End PBXVariantGroup section */

/* Begin XCBuildConfiguration section */
		84D4CDAE1FE7F10F00940CEF /* Debug */ = {
			isa = XCBuildConfiguration;
			buildSettings = {
				ALWAYS_SEARCH_USER_PATHS = NO;
				CLANG_ANALYZER_NONNULL = YES;
				CLANG_ANALYZER_NUMBER_OBJECT_CONVERSION = YES_AGGRESSIVE;
				CLANG_CXX_LANGUAGE_STANDARD = "gnu++0x";
				CLANG_CXX_LIBRARY = "libc++";
				CLANG_ENABLE_MODULES = YES;
				CLANG_ENABLE_OBJC_ARC = YES;
				CLANG_WARN_BOOL_CONVERSION = YES;
				CLANG_WARN_CONSTANT_CONVERSION = YES;
				CLANG_WARN_DIRECT_OBJC_ISA_USAGE = YES_ERROR;
				CLANG_WARN_DOCUMENTATION_COMMENTS = YES;
				CLANG_WARN_EMPTY_BODY = YES;
				CLANG_WARN_ENUM_CONVERSION = YES;
				CLANG_WARN_INFINITE_RECURSION = YES;
				CLANG_WARN_INT_CONVERSION = YES;
				CLANG_WARN_OBJC_ROOT_CLASS = YES_ERROR;
				CLANG_WARN_SUSPICIOUS_MOVE = YES;
				CLANG_WARN_UNREACHABLE_CODE = YES;
				CLANG_WARN__DUPLICATE_METHOD_MATCH = YES;
				"CODE_SIGN_IDENTITY[sdk=iphoneos*]" = "iPhone Developer";
				COPY_PHASE_STRIP = NO;
				DEBUG_INFORMATION_FORMAT = dwarf;
				ENABLE_STRICT_OBJC_MSGSEND = YES;
				ENABLE_TESTABILITY = YES;
				GCC_C_LANGUAGE_STANDARD = gnu99;
				GCC_DYNAMIC_NO_PIC = NO;
				GCC_NO_COMMON_BLOCKS = YES;
				GCC_OPTIMIZATION_LEVEL = 0;
				GCC_PREPROCESSOR_DEFINITIONS = (
					"DEBUG=1",
					"$(inherited)",
				);
				GCC_WARN_64_TO_32_BIT_CONVERSION = YES;
				GCC_WARN_ABOUT_RETURN_TYPE = YES_ERROR;
				GCC_WARN_UNDECLARED_SELECTOR = YES;
				GCC_WARN_UNINITIALIZED_AUTOS = YES_AGGRESSIVE;
				GCC_WARN_UNUSED_FUNCTION = YES;
				GCC_WARN_UNUSED_VARIABLE = YES;
				IPHONEOS_DEPLOYMENT_TARGET = 10.3;
				MTL_ENABLE_DEBUG_INFO = YES;
				ONLY_ACTIVE_ARCH = YES;
				SDKROOT = iphoneos;
				SWIFT_ACTIVE_COMPILATION_CONDITIONS = DEBUG;
				SWIFT_OPTIMIZATION_LEVEL = "-Onone";
			};
			name = Debug;
		};
		84D4CDAF1FE7F10F00940CEF /* Release */ = {
			isa = XCBuildConfiguration;
			buildSettings = {
				ALWAYS_SEARCH_USER_PATHS = NO;
				CLANG_ANALYZER_NONNULL = YES;
				CLANG_ANALYZER_NUMBER_OBJECT_CONVERSION = YES_AGGRESSIVE;
				CLANG_CXX_LANGUAGE_STANDARD = "gnu++0x";
				CLANG_CXX_LIBRARY = "libc++";
				CLANG_ENABLE_MODULES = YES;
				CLANG_ENABLE_OBJC_ARC = YES;
				CLANG_WARN_BOOL_CONVERSION = YES;
				CLANG_WARN_CONSTANT_CONVERSION = YES;
				CLANG_WARN_DIRECT_OBJC_ISA_USAGE = YES_ERROR;
				CLANG_WARN_DOCUMENTATION_COMMENTS = YES;
				CLANG_WARN_EMPTY_BODY = YES;
				CLANG_WARN_ENUM_CONVERSION = YES;
				CLANG_WARN_INFINITE_RECURSION = YES;
				CLANG_WARN_INT_CONVERSION = YES;
				CLANG_WARN_OBJC_ROOT_CLASS = YES_ERROR;
				CLANG_WARN_SUSPICIOUS_MOVE = YES;
				CLANG_WARN_UNREACHABLE_CODE = YES;
				CLANG_WARN__DUPLICATE_METHOD_MATCH = YES;
				"CODE_SIGN_IDENTITY[sdk=iphoneos*]" = "iPhone Developer";
				COPY_PHASE_STRIP = NO;
				DEBUG_INFORMATION_FORMAT = "dwarf-with-dsym";
				ENABLE_NS_ASSERTIONS = NO;
				ENABLE_STRICT_OBJC_MSGSEND = YES;
				GCC_C_LANGUAGE_STANDARD = gnu99;
				GCC_NO_COMMON_BLOCKS = YES;
				GCC_WARN_64_TO_32_BIT_CONVERSION = YES;
				GCC_WARN_ABOUT_RETURN_TYPE = YES_ERROR;
				GCC_WARN_UNDECLARED_SELECTOR = YES;
				GCC_WARN_UNINITIALIZED_AUTOS = YES_AGGRESSIVE;
				GCC_WARN_UNUSED_FUNCTION = YES;
				GCC_WARN_UNUSED_VARIABLE = YES;
				IPHONEOS_DEPLOYMENT_TARGET = 10.3;
				MTL_ENABLE_DEBUG_INFO = NO;
				SDKROOT = iphoneos;
				SWIFT_OPTIMIZATION_LEVEL = "-Owholemodule";
				VALIDATE_PRODUCT = YES;
			};
			name = Release;
		};
		84D4CDB11FE7F10F00940CEF /* Debug */ = {
			isa = XCBuildConfiguration;
			baseConfigurationReference = FC8643F7C6CD8857E6179EA7 /* Pods-ChatAppUsingFireBase.debug.xcconfig */;
			buildSettings = {
				ASSETCATALOG_COMPILER_APPICON_NAME = AppIcon;
				INFOPLIST_FILE = ChatAppUsingFireBase/Info.plist;
				LD_RUNPATH_SEARCH_PATHS = "$(inherited) @executable_path/Frameworks";
				PRODUCT_BUNDLE_IDENTIFIER = ITIITI.ChatAppUsingFireBase;
				PRODUCT_NAME = "$(TARGET_NAME)";
				SWIFT_VERSION = 3.0;
			};
			name = Debug;
		};
		84D4CDB21FE7F10F00940CEF /* Release */ = {
			isa = XCBuildConfiguration;
			baseConfigurationReference = CFBE6F0ADE15BD6FD683ADF6 /* Pods-ChatAppUsingFireBase.release.xcconfig */;
			buildSettings = {
				ASSETCATALOG_COMPILER_APPICON_NAME = AppIcon;
				INFOPLIST_FILE = ChatAppUsingFireBase/Info.plist;
				LD_RUNPATH_SEARCH_PATHS = "$(inherited) @executable_path/Frameworks";
				PRODUCT_BUNDLE_IDENTIFIER = ITIITI.ChatAppUsingFireBase;
				PRODUCT_NAME = "$(TARGET_NAME)";
				SWIFT_VERSION = 3.0;
			};
			name = Release;
		};
		84D4CDB41FE7F10F00940CEF /* Debug */ = {
			isa = XCBuildConfiguration;
			baseConfigurationReference = E138263F261C19F52C774DD1 /* Pods-ChatAppUsingFireBaseTests.debug.xcconfig */;
			buildSettings = {
				ALWAYS_EMBED_SWIFT_STANDARD_LIBRARIES = YES;
				BUNDLE_LOADER = "$(TEST_HOST)";
				INFOPLIST_FILE = ChatAppUsingFireBaseTests/Info.plist;
				LD_RUNPATH_SEARCH_PATHS = "$(inherited) @executable_path/Frameworks @loader_path/Frameworks";
				PRODUCT_BUNDLE_IDENTIFIER = ITIITI.ChatAppUsingFireBaseTests;
				PRODUCT_NAME = "$(TARGET_NAME)";
				SWIFT_VERSION = 3.0;
				TEST_HOST = "$(BUILT_PRODUCTS_DIR)/ChatAppUsingFireBase.app/ChatAppUsingFireBase";
			};
			name = Debug;
		};
		84D4CDB51FE7F10F00940CEF /* Release */ = {
			isa = XCBuildConfiguration;
			baseConfigurationReference = DDACEFAE09E4708E4F0D3186 /* Pods-ChatAppUsingFireBaseTests.release.xcconfig */;
			buildSettings = {
				ALWAYS_EMBED_SWIFT_STANDARD_LIBRARIES = YES;
				BUNDLE_LOADER = "$(TEST_HOST)";
				INFOPLIST_FILE = ChatAppUsingFireBaseTests/Info.plist;
				LD_RUNPATH_SEARCH_PATHS = "$(inherited) @executable_path/Frameworks @loader_path/Frameworks";
				PRODUCT_BUNDLE_IDENTIFIER = ITIITI.ChatAppUsingFireBaseTests;
				PRODUCT_NAME = "$(TARGET_NAME)";
				SWIFT_VERSION = 3.0;
				TEST_HOST = "$(BUILT_PRODUCTS_DIR)/ChatAppUsingFireBase.app/ChatAppUsingFireBase";
			};
			name = Release;
		};
		84D4CDB71FE7F10F00940CEF /* Debug */ = {
			isa = XCBuildConfiguration;
			baseConfigurationReference = F8A24EC6CA3E989AD9CED8D7 /* Pods-ChatAppUsingFireBaseUITests.debug.xcconfig */;
			buildSettings = {
				ALWAYS_EMBED_SWIFT_STANDARD_LIBRARIES = YES;
				INFOPLIST_FILE = ChatAppUsingFireBaseUITests/Info.plist;
				LD_RUNPATH_SEARCH_PATHS = "$(inherited) @executable_path/Frameworks @loader_path/Frameworks";
				PRODUCT_BUNDLE_IDENTIFIER = ITIITI.ChatAppUsingFireBaseUITests;
				PRODUCT_NAME = "$(TARGET_NAME)";
				SWIFT_VERSION = 3.0;
				TEST_TARGET_NAME = ChatAppUsingFireBase;
			};
			name = Debug;
		};
		84D4CDB81FE7F10F00940CEF /* Release */ = {
			isa = XCBuildConfiguration;
			baseConfigurationReference = 4547106DC10110CCDEEB8097 /* Pods-ChatAppUsingFireBaseUITests.release.xcconfig */;
			buildSettings = {
				ALWAYS_EMBED_SWIFT_STANDARD_LIBRARIES = YES;
				INFOPLIST_FILE = ChatAppUsingFireBaseUITests/Info.plist;
				LD_RUNPATH_SEARCH_PATHS = "$(inherited) @executable_path/Frameworks @loader_path/Frameworks";
				PRODUCT_BUNDLE_IDENTIFIER = ITIITI.ChatAppUsingFireBaseUITests;
				PRODUCT_NAME = "$(TARGET_NAME)";
				SWIFT_VERSION = 3.0;
				TEST_TARGET_NAME = ChatAppUsingFireBase;
			};
			name = Release;
		};
/* End XCBuildConfiguration section */

/* Begin XCConfigurationList section */
		84D4CD801FE7F10800940CEF /* Build configuration list for PBXProject "ChatAppUsingFireBase" */ = {
			isa = XCConfigurationList;
			buildConfigurations = (
				84D4CDAE1FE7F10F00940CEF /* Debug */,
				84D4CDAF1FE7F10F00940CEF /* Release */,
			);
			defaultConfigurationIsVisible = 0;
			defaultConfigurationName = Release;
		};
		84D4CDB01FE7F10F00940CEF /* Build configuration list for PBXNativeTarget "ChatAppUsingFireBase" */ = {
			isa = XCConfigurationList;
			buildConfigurations = (
				84D4CDB11FE7F10F00940CEF /* Debug */,
				84D4CDB21FE7F10F00940CEF /* Release */,
			);
			defaultConfigurationIsVisible = 0;
			defaultConfigurationName = Release;
		};
		84D4CDB31FE7F10F00940CEF /* Build configuration list for PBXNativeTarget "ChatAppUsingFireBaseTests" */ = {
			isa = XCConfigurationList;
			buildConfigurations = (
				84D4CDB41FE7F10F00940CEF /* Debug */,
				84D4CDB51FE7F10F00940CEF /* Release */,
			);
			defaultConfigurationIsVisible = 0;
			defaultConfigurationName = Release;
		};
		84D4CDB61FE7F10F00940CEF /* Build configuration list for PBXNativeTarget "ChatAppUsingFireBaseUITests" */ = {
			isa = XCConfigurationList;
			buildConfigurations = (
				84D4CDB71FE7F10F00940CEF /* Debug */,
				84D4CDB81FE7F10F00940CEF /* Release */,
			);
			defaultConfigurationIsVisible = 0;
			defaultConfigurationName = Release;
		};
/* End XCConfigurationList section */

/* Begin XCVersionGroup section */
		84D4CD8F1FE7F10A00940CEF /* ChatAppUsingFireBase.xcdatamodeld */ = {
			isa = XCVersionGroup;
			children = (
				84D4CD901FE7F10A00940CEF /* ChatAppUsingFireBase.xcdatamodel */,
			);
			currentVersion = 84D4CD901FE7F10A00940CEF /* ChatAppUsingFireBase.xcdatamodel */;
			path = ChatAppUsingFireBase.xcdatamodeld;
			sourceTree = "<group>";
			versionGroupType = wrapper.xcdatamodel;
		};
/* End XCVersionGroup section */
	};
	rootObject = 84D4CD7D1FE7F10800940CEF /* Project object */;
}
